
Microsoft Visual Studio Solution File, Format Version 12.00
# Visual Studio 15
Project("{FAE04EC0-301F-11D3-BF4B-00C04F79EFBC}") = "Assembly-CSharp", "Assembly-CSharp.csproj", "{B6456B20-7B58-B77F-85FD-3BB41AEF8985}"
EndProject
Project("{FAE04EC0-301F-11D3-BF4B-00C04F79EFBC}") = "TextToTMP.Editor", "TextToTMP.Editor.csproj", "{1058DB6D-A99C-5EBE-E77A-2D04A9D61A55}"
EndProject
Global
	GlobalSection(SolutionConfigurationPlatforms) = preSolution
		Debug|Any CPU = Debug|Any CPU
		Release|Any CPU = Release|Any CPU
	EndGlobalSection
	GlobalSection(ProjectConfigurationPlatforms) = postSolution
		{B6456B20-7B58-B77F-85FD-3BB41AEF8985}.Debug|Any CPU.ActiveCfg = Debug|Any CPU
		{B6456B20-7B58-B77F-85FD-3BB41AEF8985}.Debug|Any CPU.Build.0 = Debug|Any CPU
		{B6456B20-7B58-B77F-85FD-3BB41AEF8985}.Release|Any CPU.ActiveCfg = Release|Any CPU
		{B6456B20-7B58-B77F-85FD-3BB41AEF8985}.Release|Any CPU.Build.0 = Release|Any CPU
		{1058DB6D-A99C-5EBE-E77A-2D04A9D61A55}.Debug|Any CPU.ActiveCfg = Debug|Any CPU
		{1058DB6D-A99C-5EBE-E77A-2D04A9D61A55}.Debug|Any CPU.Build.0 = Debug|Any CPU
		{1058DB6D-A99C-5EBE-E77A-2D04A9D61A55}.Release|Any CPU.ActiveCfg = Release|Any CPU
		{1058DB6D-A99C-5EBE-E77A-2D04A9D61A55}.Release|Any CPU.Build.0 = Release|Any CPU
	EndGlobalSection
	GlobalSection(SolutionProperties) = preSolution
		HideSolutionNode = FALSE
	EndGlobalSection
EndGlobal
